
Microsoft Visual Studio Solution File, Format Version 12.00
# Visual Studio Version 17
VisualStudioVersion = 17.14.36408.4 d17.14
MinimumVisualStudioVersion = 10.0.40219.1
Project("{FAE04EC0-301F-11D3-BF4B-00C04F79EFBC}") = "KetQuaXoSo.UI", "KetQuaXoSo\KetQuaXoSo.UI.csproj", "{F5280BE0-955D-4403-9A83-67E8D7F53923}"
EndProject
Project("{FAE04EC0-301F-11D3-BF4B-00C04F79EFBC}") = "KetQuaXoSo.BLL", "KetQuaXoSo.BLL\KetQuaXoSo.BLL.csproj", "{1DC91E32-62A2-4308-9D02-660C4B946398}"
EndProject
Project("{FAE04EC0-301F-11D3-BF4B-00C04F79EFBC}") = "KetQuaXoSo.DAL", "KetQuaXoSo.DAL\KetQuaXoSo.DAL.csproj", "{99CCDA98-329C-4F3F-A372-01DFFD422AB5}"
EndProject
Global
	GlobalSection(SolutionConfigurationPlatforms) = preSolution
		Debug|Any CPU = Debug|Any CPU
		Release|Any CPU = Release|Any CPU
	EndGlobalSection
	GlobalSection(ProjectConfigurationPlatforms) = postSolution
		{F5280BE0-955D-4403-9A83-67E8D7F53923}.Debug|Any CPU.ActiveCfg = Debug|Any CPU
		{F5280BE0-955D-4403-9A83-67E8D7F53923}.Debug|Any CPU.Build.0 = Debug|Any CPU
		{F5280BE0-955D-4403-9A83-67E8D7F53923}.Release|Any CPU.ActiveCfg = Release|Any CPU
		{F5280BE0-955D-4403-9A83-67E8D7F53923}.Release|Any CPU.Build.0 = Release|Any CPU
		{1DC91E32-62A2-4308-9D02-660C4B946398}.Debug|Any CPU.ActiveCfg = Debug|Any CPU
		{1DC91E32-62A2-4308-9D02-660C4B946398}.Debug|Any CPU.Build.0 = Debug|Any CPU
		{1DC91E32-62A2-4308-9D02-660C4B946398}.Release|Any CPU.ActiveCfg = Release|Any CPU
		{1DC91E32-62A2-4308-9D02-660C4B946398}.Release|Any CPU.Build.0 = Release|Any CPU
		{99CCDA98-329C-4F3F-A372-01DFFD422AB5}.Debug|Any CPU.ActiveCfg = Debug|Any CPU
		{99CCDA98-329C-4F3F-A372-01DFFD422AB5}.Debug|Any CPU.Build.0 = Debug|Any CPU
		{99CCDA98-329C-4F3F-A372-01DFFD422AB5}.Release|Any CPU.ActiveCfg = Release|Any CPU
		{99CCDA98-329C-4F3F-A372-01DFFD422AB5}.Release|Any CPU.Build.0 = Release|Any CPU
	EndGlobalSection
	GlobalSection(SolutionProperties) = preSolution
		HideSolutionNode = FALSE
	EndGlobalSection
	GlobalSection(ExtensibilityGlobals) = postSolution
		SolutionGuid = {C20FA1B8-FF98-4573-ACB0-B7AE8D40B711}
	EndGlobalSection
EndGlobal
